
Microsoft Visual Studio Solution File, Format Version 12.00
# Visual Studio Version 17
VisualStudioVersion = 17.10.35013.160
MinimumVisualStudioVersion = 10.0.40219.1
Project("{FAE04EC0-301F-11D3-BF4B-00C04F79EFBC}") = "ProjetoEconomias", "ProjetoEconomias\ProjetoEconomias.csproj", "{90CF6A25-E945-46A9-BB08-BB5813C878F3}"
EndProject
Global
	GlobalSection(SolutionConfigurationPlatforms) = preSolution
		Debug|Any CPU = Debug|Any CPU
		Release|Any CPU = Release|Any CPU
	EndGlobalSection
	GlobalSection(ProjectConfigurationPlatforms) = postSolution
		{90CF6A25-E945-46A9-BB08-BB5813C878F3}.Debug|Any CPU.ActiveCfg = Debug|Any CPU
		{90CF6A25-E945-46A9-BB08-BB5813C878F3}.Debug|Any CPU.Build.0 = Debug|Any CPU
		{90CF6A25-E945-46A9-BB08-BB5813C878F3}.Release|Any CPU.ActiveCfg = Release|Any CPU
		{90CF6A25-E945-46A9-BB08-BB5813C878F3}.Release|Any CPU.Build.0 = Release|Any CPU
	EndGlobalSection
	GlobalSection(SolutionProperties) = preSolution
		HideSolutionNode = FALSE
	EndGlobalSection
	GlobalSection(ExtensibilityGlobals) = postSolution
		SolutionGuid = {EDABD8B2-9C0F-4E9D-A9A8-62C15D895386}
	EndGlobalSection
EndGlobal
